
Microsoft Visual Studio Solution File, Format Version 12.00
# Visual Studio Version 16
VisualStudioVersion = 16.0.30626.31
MinimumVisualStudioVersion = 10.0.40219.1
Project("{9A19103F-16F7-4668-BE54-9A1E7A4F7556}") = "AppBlocks.Models", "src\AppBlocks.Models.csproj", "{1DDDD1D0-DAA3-408A-89A8-A3CB2E543BDF}"
EndProject
Project("{2150E333-8FDC-42A3-9474-1A3956D46DE8}") = "Assets", "Assets", "{77592FF6-5941-440C-8D59-3ABFF9F57F74}"
	ProjectSection(SolutionItems) = preProject
		.gitignore = .gitignore
		README.md = README.md
	EndProjectSection
EndProject
Project("{FAE04EC0-301F-11D3-BF4B-00C04F79EFBC}") = "AppBlocks.Models.Tests", "tests\AppBlocks.Models.Tests.csproj", "{D5053005-83EA-4C88-9DB8-F9F840C6FEB1}"
EndProject
Global
	GlobalSection(SolutionConfigurationPlatforms) = preSolution
		Debug|Any CPU = Debug|Any CPU
		Release|Any CPU = Release|Any CPU
	EndGlobalSection
	GlobalSection(ProjectConfigurationPlatforms) = postSolution
		{1DDDD1D0-DAA3-408A-89A8-A3CB2E543BDF}.Debug|Any CPU.ActiveCfg = Debug|Any CPU
		{1DDDD1D0-DAA3-408A-89A8-A3CB2E543BDF}.Debug|Any CPU.Build.0 = Debug|Any CPU
		{1DDDD1D0-DAA3-408A-89A8-A3CB2E543BDF}.Release|Any CPU.ActiveCfg = Release|Any CPU
		{1DDDD1D0-DAA3-408A-89A8-A3CB2E543BDF}.Release|Any CPU.Build.0 = Release|Any CPU
		{D5053005-83EA-4C88-9DB8-F9F840C6FEB1}.Debug|Any CPU.ActiveCfg = Debug|Any CPU
		{D5053005-83EA-4C88-9DB8-F9F840C6FEB1}.Debug|Any CPU.Build.0 = Debug|Any CPU
		{D5053005-83EA-4C88-9DB8-F9F840C6FEB1}.Release|Any CPU.ActiveCfg = Release|Any CPU
		{D5053005-83EA-4C88-9DB8-F9F840C6FEB1}.Release|Any CPU.Build.0 = Release|Any CPU
	EndGlobalSection
	GlobalSection(SolutionProperties) = preSolution
		HideSolutionNode = FALSE
	EndGlobalSection
	GlobalSection(ExtensibilityGlobals) = postSolution
		SolutionGuid = {322540B7-4BD3-47C9-AC5A-5A6F638768B0}
	EndGlobalSection
EndGlobal
